
Microsoft Visual Studio Solution File, Format Version 12.00
# Visual Studio Version 17
VisualStudioVersion = 17.9.34728.123
MinimumVisualStudioVersion = 10.0.40219.1
Project("{FAE04EC0-301F-11D3-BF4B-00C04F79EFBC}") = "syntax 1 C#", "syntax 1 C#.csproj", "{A247300A-4639-4038-B9C9-425BA3F997AB}"
EndProject
Global
	GlobalSection(SolutionConfigurationPlatforms) = preSolution
		Debug|Any CPU = Debug|Any CPU
		Release|Any CPU = Release|Any CPU
	EndGlobalSection
	GlobalSection(ProjectConfigurationPlatforms) = postSolution
		{A247300A-4639-4038-B9C9-425BA3F997AB}.Debug|Any CPU.ActiveCfg = Debug|Any CPU
		{A247300A-4639-4038-B9C9-425BA3F997AB}.Debug|Any CPU.Build.0 = Debug|Any CPU
		{A247300A-4639-4038-B9C9-425BA3F997AB}.Release|Any CPU.ActiveCfg = Release|Any CPU
		{A247300A-4639-4038-B9C9-425BA3F997AB}.Release|Any CPU.Build.0 = Release|Any CPU
	EndGlobalSection
	GlobalSection(SolutionProperties) = preSolution
		HideSolutionNode = FALSE
	EndGlobalSection
	GlobalSection(ExtensibilityGlobals) = postSolution
		SolutionGuid = {DBD84C9C-0D7B-4058-8A5F-79BBF4BE2C02}
	EndGlobalSection
EndGlobal
