
Microsoft Visual Studio Solution File, Format Version 12.00
# Visual Studio Version 17
VisualStudioVersion = 17.9.34728.123
MinimumVisualStudioVersion = 10.0.40219.1
Project("{FAE04EC0-301F-11D3-BF4B-00C04F79EFBC}") = "syntax 10 C# (C# Methods)", "syntax 10 C# (C# Methods).csproj", "{9C036754-6798-4C65-8EF2-C42216C2ACB2}"
EndProject
Global
	GlobalSection(SolutionConfigurationPlatforms) = preSolution
		Debug|Any CPU = Debug|Any CPU
		Release|Any CPU = Release|Any CPU
	EndGlobalSection
	GlobalSection(ProjectConfigurationPlatforms) = postSolution
		{9C036754-6798-4C65-8EF2-C42216C2ACB2}.Debug|Any CPU.ActiveCfg = Debug|Any CPU
		{9C036754-6798-4C65-8EF2-C42216C2ACB2}.Debug|Any CPU.Build.0 = Debug|Any CPU
		{9C036754-6798-4C65-8EF2-C42216C2ACB2}.Release|Any CPU.ActiveCfg = Release|Any CPU
		{9C036754-6798-4C65-8EF2-C42216C2ACB2}.Release|Any CPU.Build.0 = Release|Any CPU
	EndGlobalSection
	GlobalSection(SolutionProperties) = preSolution
		HideSolutionNode = FALSE
	EndGlobalSection
	GlobalSection(ExtensibilityGlobals) = postSolution
		SolutionGuid = {806C5165-3BDF-4313-9AA2-CEC5E39FAE01}
	EndGlobalSection
EndGlobal
