
Microsoft Visual Studio Solution File, Format Version 12.00
# Visual Studio Version 17
VisualStudioVersion = 17.9.34728.123
MinimumVisualStudioVersion = 10.0.40219.1
Project("{FAE04EC0-301F-11D3-BF4B-00C04F79EFBC}") = "UserInputs&Operators", "UserInputs&Operators.csproj", "{7273E3BA-19A5-48B7-8B42-DD948A2BC01B}"
EndProject
Global
	GlobalSection(SolutionConfigurationPlatforms) = preSolution
		Debug|Any CPU = Debug|Any CPU
		Release|Any CPU = Release|Any CPU
	EndGlobalSection
	GlobalSection(ProjectConfigurationPlatforms) = postSolution
		{7273E3BA-19A5-48B7-8B42-DD948A2BC01B}.Debug|Any CPU.ActiveCfg = Debug|Any CPU
		{7273E3BA-19A5-48B7-8B42-DD948A2BC01B}.Debug|Any CPU.Build.0 = Debug|Any CPU
		{7273E3BA-19A5-48B7-8B42-DD948A2BC01B}.Release|Any CPU.ActiveCfg = Release|Any CPU
		{7273E3BA-19A5-48B7-8B42-DD948A2BC01B}.Release|Any CPU.Build.0 = Release|Any CPU
	EndGlobalSection
	GlobalSection(SolutionProperties) = preSolution
		HideSolutionNode = FALSE
	EndGlobalSection
	GlobalSection(ExtensibilityGlobals) = postSolution
		SolutionGuid = {DCAE91BC-D802-4754-90F9-504A31F27A9E}
	EndGlobalSection
EndGlobal
