
Microsoft Visual Studio Solution File, Format Version 12.00
# Visual Studio Version 17
VisualStudioVersion = 17.14.36705.20 d17.14
MinimumVisualStudioVersion = 10.0.40219.1
Project("{FAE04EC0-301F-11D3-BF4B-00C04F79EFBC}") = "ActionDelegate", "ActionDelegate.csproj", "{9CA60552-54D7-441E-B462-5BE42A0578D8}"
EndProject
Global
	GlobalSection(SolutionConfigurationPlatforms) = preSolution
		Debug|Any CPU = Debug|Any CPU
		Release|Any CPU = Release|Any CPU
	EndGlobalSection
	GlobalSection(ProjectConfigurationPlatforms) = postSolution
		{9CA60552-54D7-441E-B462-5BE42A0578D8}.Debug|Any CPU.ActiveCfg = Debug|Any CPU
		{9CA60552-54D7-441E-B462-5BE42A0578D8}.Debug|Any CPU.Build.0 = Debug|Any CPU
		{9CA60552-54D7-441E-B462-5BE42A0578D8}.Release|Any CPU.ActiveCfg = Release|Any CPU
		{9CA60552-54D7-441E-B462-5BE42A0578D8}.Release|Any CPU.Build.0 = Release|Any CPU
	EndGlobalSection
	GlobalSection(SolutionProperties) = preSolution
		HideSolutionNode = FALSE
	EndGlobalSection
	GlobalSection(ExtensibilityGlobals) = postSolution
		SolutionGuid = {03F461AB-DA06-4E19-A4B7-C2F0159FC40B}
	EndGlobalSection
EndGlobal
