
Microsoft Visual Studio Solution File, Format Version 12.00
# Visual Studio Version 17
VisualStudioVersion = 17.9.34728.123
MinimumVisualStudioVersion = 10.0.40219.1
Project("{FAE04EC0-301F-11D3-BF4B-00C04F79EFBC}") = "DataTable(AutoIncrementAndOthers)", "DataTable(AutoIncrementAndOthers).csproj", "{F3CCA90C-60B7-4EF6-BEB1-0D2B07B75873}"
EndProject
Global
	GlobalSection(SolutionConfigurationPlatforms) = preSolution
		Debug|Any CPU = Debug|Any CPU
		Release|Any CPU = Release|Any CPU
	EndGlobalSection
	GlobalSection(ProjectConfigurationPlatforms) = postSolution
		{F3CCA90C-60B7-4EF6-BEB1-0D2B07B75873}.Debug|Any CPU.ActiveCfg = Debug|Any CPU
		{F3CCA90C-60B7-4EF6-BEB1-0D2B07B75873}.Debug|Any CPU.Build.0 = Debug|Any CPU
		{F3CCA90C-60B7-4EF6-BEB1-0D2B07B75873}.Release|Any CPU.ActiveCfg = Release|Any CPU
		{F3CCA90C-60B7-4EF6-BEB1-0D2B07B75873}.Release|Any CPU.Build.0 = Release|Any CPU
	EndGlobalSection
	GlobalSection(SolutionProperties) = preSolution
		HideSolutionNode = FALSE
	EndGlobalSection
	GlobalSection(ExtensibilityGlobals) = postSolution
		SolutionGuid = {82120C94-F9CD-45AB-AFDA-D4F1AF44EF59}
	EndGlobalSection
EndGlobal
