
Microsoft Visual Studio Solution File, Format Version 12.00
# Visual Studio Version 17
VisualStudioVersion = 17.14.36705.20 d17.14
MinimumVisualStudioVersion = 10.0.40219.1
Project("{FAE04EC0-301F-11D3-BF4B-00C04F79EFBC}") = "AsynchonousProgramming", "AsynchonousProgramming.csproj", "{DD3C1F0C-0BA8-401B-95E3-F8A9A4795142}"
EndProject
Global
	GlobalSection(SolutionConfigurationPlatforms) = preSolution
		Debug|Any CPU = Debug|Any CPU
		Release|Any CPU = Release|Any CPU
	EndGlobalSection
	GlobalSection(ProjectConfigurationPlatforms) = postSolution
		{DD3C1F0C-0BA8-401B-95E3-F8A9A4795142}.Debug|Any CPU.ActiveCfg = Debug|Any CPU
		{DD3C1F0C-0BA8-401B-95E3-F8A9A4795142}.Debug|Any CPU.Build.0 = Debug|Any CPU
		{DD3C1F0C-0BA8-401B-95E3-F8A9A4795142}.Release|Any CPU.ActiveCfg = Release|Any CPU
		{DD3C1F0C-0BA8-401B-95E3-F8A9A4795142}.Release|Any CPU.Build.0 = Release|Any CPU
	EndGlobalSection
	GlobalSection(SolutionProperties) = preSolution
		HideSolutionNode = FALSE
	EndGlobalSection
	GlobalSection(ExtensibilityGlobals) = postSolution
		SolutionGuid = {0301CD60-0F67-4125-B63B-0AA291B5C64F}
	EndGlobalSection
EndGlobal
