
Microsoft Visual Studio Solution File, Format Version 12.00
# Visual Studio Version 17
VisualStudioVersion = 17.14.36705.20 d17.14
MinimumVisualStudioVersion = 10.0.40219.1
Project("{FAE04EC0-301F-11D3-BF4B-00C04F79EFBC}") = "LambadExpression", "LambadExpression.csproj", "{56130841-7AF3-4A55-BD75-6FAEC72E62C0}"
EndProject
Global
	GlobalSection(SolutionConfigurationPlatforms) = preSolution
		Debug|Any CPU = Debug|Any CPU
		Release|Any CPU = Release|Any CPU
	EndGlobalSection
	GlobalSection(ProjectConfigurationPlatforms) = postSolution
		{56130841-7AF3-4A55-BD75-6FAEC72E62C0}.Debug|Any CPU.ActiveCfg = Debug|Any CPU
		{56130841-7AF3-4A55-BD75-6FAEC72E62C0}.Debug|Any CPU.Build.0 = Debug|Any CPU
		{56130841-7AF3-4A55-BD75-6FAEC72E62C0}.Release|Any CPU.ActiveCfg = Release|Any CPU
		{56130841-7AF3-4A55-BD75-6FAEC72E62C0}.Release|Any CPU.Build.0 = Release|Any CPU
	EndGlobalSection
	GlobalSection(SolutionProperties) = preSolution
		HideSolutionNode = FALSE
	EndGlobalSection
	GlobalSection(ExtensibilityGlobals) = postSolution
		SolutionGuid = {7C08FC2E-6557-4D12-B245-6DA0D841C9E8}
	EndGlobalSection
EndGlobal
