
Microsoft Visual Studio Solution File, Format Version 12.00
# Visual Studio Version 17
VisualStudioVersion = 17.9.34728.123
MinimumVisualStudioVersion = 10.0.40219.1
Project("{FAE04EC0-301F-11D3-BF4B-00C04F79EFBC}") = "Practice(ClassLibraries)", "Practice(ClassLibraries).csproj", "{5DC2EFFD-EEF3-410F-832B-28C2AC3E627A}"
EndProject
Project("{FAE04EC0-301F-11D3-BF4B-00C04F79EFBC}") = "CarsClassLibrary", "..\CarsClassLibrary\CarsClassLibrary.csproj", "{5B7B01AA-6A9A-4BED-86E5-A10075582752}"
EndProject
Global
	GlobalSection(SolutionConfigurationPlatforms) = preSolution
		Debug|Any CPU = Debug|Any CPU
		Release|Any CPU = Release|Any CPU
	EndGlobalSection
	GlobalSection(ProjectConfigurationPlatforms) = postSolution
		{5DC2EFFD-EEF3-410F-832B-28C2AC3E627A}.Debug|Any CPU.ActiveCfg = Debug|Any CPU
		{5DC2EFFD-EEF3-410F-832B-28C2AC3E627A}.Debug|Any CPU.Build.0 = Debug|Any CPU
		{5DC2EFFD-EEF3-410F-832B-28C2AC3E627A}.Release|Any CPU.ActiveCfg = Release|Any CPU
		{5DC2EFFD-EEF3-410F-832B-28C2AC3E627A}.Release|Any CPU.Build.0 = Release|Any CPU
		{5B7B01AA-6A9A-4BED-86E5-A10075582752}.Debug|Any CPU.ActiveCfg = Debug|Any CPU
		{5B7B01AA-6A9A-4BED-86E5-A10075582752}.Debug|Any CPU.Build.0 = Debug|Any CPU
		{5B7B01AA-6A9A-4BED-86E5-A10075582752}.Release|Any CPU.ActiveCfg = Release|Any CPU
		{5B7B01AA-6A9A-4BED-86E5-A10075582752}.Release|Any CPU.Build.0 = Release|Any CPU
	EndGlobalSection
	GlobalSection(SolutionProperties) = preSolution
		HideSolutionNode = FALSE
	EndGlobalSection
	GlobalSection(ExtensibilityGlobals) = postSolution
		SolutionGuid = {E24EE958-4CF3-4EF5-B5D4-6798F1ED0CE8}
	EndGlobalSection
EndGlobal
