
Microsoft Visual Studio Solution File, Format Version 12.00
# Visual Studio Version 17
VisualStudioVersion = 17.9.34728.123
MinimumVisualStudioVersion = 10.0.40219.1
Project("{FAE04EC0-301F-11D3-BF4B-00C04F79EFBC}") = "4-Anonymous Type- Dynamic Type - Structures", "4-Anonymous Type- Dynamic Type - Structures.csproj", "{24D292D1-C4D6-4C6F-ABC6-104EB2CB87E9}"
EndProject
Global
	GlobalSection(SolutionConfigurationPlatforms) = preSolution
		Debug|Any CPU = Debug|Any CPU
		Release|Any CPU = Release|Any CPU
	EndGlobalSection
	GlobalSection(ProjectConfigurationPlatforms) = postSolution
		{24D292D1-C4D6-4C6F-ABC6-104EB2CB87E9}.Debug|Any CPU.ActiveCfg = Debug|Any CPU
		{24D292D1-C4D6-4C6F-ABC6-104EB2CB87E9}.Debug|Any CPU.Build.0 = Debug|Any CPU
		{24D292D1-C4D6-4C6F-ABC6-104EB2CB87E9}.Release|Any CPU.ActiveCfg = Release|Any CPU
		{24D292D1-C4D6-4C6F-ABC6-104EB2CB87E9}.Release|Any CPU.Build.0 = Release|Any CPU
	EndGlobalSection
	GlobalSection(SolutionProperties) = preSolution
		HideSolutionNode = FALSE
	EndGlobalSection
	GlobalSection(ExtensibilityGlobals) = postSolution
		SolutionGuid = {7CB2D7F0-A41C-421F-98ED-31A80B792B35}
	EndGlobalSection
EndGlobal
