
Microsoft Visual Studio Solution File, Format Version 12.00
# Visual Studio Version 17
VisualStudioVersion = 17.14.36705.20 d17.14
MinimumVisualStudioVersion = 10.0.40219.1
Project("{FAE04EC0-301F-11D3-BF4B-00C04F79EFBC}") = "Attributes", "Attributes.csproj", "{478B92CB-38C2-4151-80C7-96433AE1C972}"
EndProject
Global
	GlobalSection(SolutionConfigurationPlatforms) = preSolution
		Debug|Any CPU = Debug|Any CPU
		Release|Any CPU = Release|Any CPU
	EndGlobalSection
	GlobalSection(ProjectConfigurationPlatforms) = postSolution
		{478B92CB-38C2-4151-80C7-96433AE1C972}.Debug|Any CPU.ActiveCfg = Debug|Any CPU
		{478B92CB-38C2-4151-80C7-96433AE1C972}.Debug|Any CPU.Build.0 = Debug|Any CPU
		{478B92CB-38C2-4151-80C7-96433AE1C972}.Release|Any CPU.ActiveCfg = Release|Any CPU
		{478B92CB-38C2-4151-80C7-96433AE1C972}.Release|Any CPU.Build.0 = Release|Any CPU
	EndGlobalSection
	GlobalSection(SolutionProperties) = preSolution
		HideSolutionNode = FALSE
	EndGlobalSection
	GlobalSection(ExtensibilityGlobals) = postSolution
		SolutionGuid = {EFB14B6C-2C6C-40BD-A3AD-BF09CBD9587B}
	EndGlobalSection
EndGlobal
