
Microsoft Visual Studio Solution File, Format Version 12.00
# Visual Studio Version 17
VisualStudioVersion = 17.14.36705.20 d17.14
MinimumVisualStudioVersion = 10.0.40219.1
Project("{FAE04EC0-301F-11D3-BF4B-00C04F79EFBC}") = "Threading", "Threading.csproj", "{625DF89A-C492-4E36-B92F-ECF8B7838389}"
EndProject
Global
	GlobalSection(SolutionConfigurationPlatforms) = preSolution
		Debug|Any CPU = Debug|Any CPU
		Release|Any CPU = Release|Any CPU
	EndGlobalSection
	GlobalSection(ProjectConfigurationPlatforms) = postSolution
		{625DF89A-C492-4E36-B92F-ECF8B7838389}.Debug|Any CPU.ActiveCfg = Debug|Any CPU
		{625DF89A-C492-4E36-B92F-ECF8B7838389}.Debug|Any CPU.Build.0 = Debug|Any CPU
		{625DF89A-C492-4E36-B92F-ECF8B7838389}.Release|Any CPU.ActiveCfg = Release|Any CPU
		{625DF89A-C492-4E36-B92F-ECF8B7838389}.Release|Any CPU.Build.0 = Release|Any CPU
	EndGlobalSection
	GlobalSection(SolutionProperties) = preSolution
		HideSolutionNode = FALSE
	EndGlobalSection
	GlobalSection(ExtensibilityGlobals) = postSolution
		SolutionGuid = {266892EA-9D02-48ED-84DC-1EEE98B3E7FE}
	EndGlobalSection
EndGlobal
