
Microsoft Visual Studio Solution File, Format Version 12.00
# Visual Studio Version 17
VisualStudioVersion = 17.9.34728.123
MinimumVisualStudioVersion = 10.0.40219.1
Project("{FAE04EC0-301F-11D3-BF4B-00C04F79EFBC}") = "DataView1", "DataView1.csproj", "{11DE82E5-82B9-4A3B-A96C-B5BF2E6C46B5}"
EndProject
Global
	GlobalSection(SolutionConfigurationPlatforms) = preSolution
		Debug|Any CPU = Debug|Any CPU
		Release|Any CPU = Release|Any CPU
	EndGlobalSection
	GlobalSection(ProjectConfigurationPlatforms) = postSolution
		{11DE82E5-82B9-4A3B-A96C-B5BF2E6C46B5}.Debug|Any CPU.ActiveCfg = Debug|Any CPU
		{11DE82E5-82B9-4A3B-A96C-B5BF2E6C46B5}.Debug|Any CPU.Build.0 = Debug|Any CPU
		{11DE82E5-82B9-4A3B-A96C-B5BF2E6C46B5}.Release|Any CPU.ActiveCfg = Release|Any CPU
		{11DE82E5-82B9-4A3B-A96C-B5BF2E6C46B5}.Release|Any CPU.Build.0 = Release|Any CPU
	EndGlobalSection
	GlobalSection(SolutionProperties) = preSolution
		HideSolutionNode = FALSE
	EndGlobalSection
	GlobalSection(ExtensibilityGlobals) = postSolution
		SolutionGuid = {C701FBD0-CE1F-482E-A260-94E19ACF8C5D}
	EndGlobalSection
EndGlobal
