
Microsoft Visual Studio Solution File, Format Version 12.00
# Visual Studio Version 17
VisualStudioVersion = 17.14.36705.20 d17.14
MinimumVisualStudioVersion = 10.0.40219.1
Project("{FAE04EC0-301F-11D3-BF4B-00C04F79EFBC}") = "c# advanced", "c# advanced.csproj", "{62D2C31A-BEBC-42CB-B6E3-10ED7A01772D}"
EndProject
Global
	GlobalSection(SolutionConfigurationPlatforms) = preSolution
		Debug|Any CPU = Debug|Any CPU
		Release|Any CPU = Release|Any CPU
	EndGlobalSection
	GlobalSection(ProjectConfigurationPlatforms) = postSolution
		{62D2C31A-BEBC-42CB-B6E3-10ED7A01772D}.Debug|Any CPU.ActiveCfg = Debug|Any CPU
		{62D2C31A-BEBC-42CB-B6E3-10ED7A01772D}.Debug|Any CPU.Build.0 = Debug|Any CPU
		{62D2C31A-BEBC-42CB-B6E3-10ED7A01772D}.Release|Any CPU.ActiveCfg = Release|Any CPU
		{62D2C31A-BEBC-42CB-B6E3-10ED7A01772D}.Release|Any CPU.Build.0 = Release|Any CPU
	EndGlobalSection
	GlobalSection(SolutionProperties) = preSolution
		HideSolutionNode = FALSE
	EndGlobalSection
	GlobalSection(ExtensibilityGlobals) = postSolution
		SolutionGuid = {626F0BE9-9719-412C-85DB-56FC828D5B16}
	EndGlobalSection
EndGlobal
